schema: '2.0'
stages:
  preprocess:
    cmd: python src/1_preprocess.py
    deps:
    - path: ../data/FraudTest.csv
      hash: md5
      md5: 692357a2589a1a6fcd44f14b3e1f9d2c
      size: 150354339
    - path: ../data/FraudTrain.csv
      hash: md5
      md5: 9723893e5492dc0551036edcf596e284
      size: 351238196
    - path: src/1_preprocess.py
      hash: md5
      md5: 2cdc992e6d6074009224afe3007609e3
      size: 3707
    params:
      params.yaml:
        data:
          train_path: ../data/FraudTrain.csv
          test_path: ../data/FraudTest.csv
          processed_train: ../data/processed_train.csv
          processed_test: ../data/processed_test.csv
          X_test_scaled: ../data/X_test_scaled.csv
          y_test: ../data/y_test.csv
          models_dir: ../models
          metrics_dir: ../metrics
        preprocess:
          cols_to_drop:
          - 'Unnamed: 0'
          - cc_num
          - first
          - last
          - street
          - trans_num
          cat_cols:
          - merchant
          - category
          - gender
          - city
          - state
          - job
          current_year: 2026
    outs:
    - path: ../data/processed_test.csv
      hash: md5
      md5: ba68337cc603dc3b5d7a8b8b8bf66660
      size: 63343178
    - path: ../data/processed_train.csv
      hash: md5
      md5: 95e95a9cf7264388177018ee5fd09c5f
      size: 147849898
  train:
    cmd: python src/2_train.py
    deps:
    - path: ../data/processed_test.csv
      hash: md5
      md5: ba68337cc603dc3b5d7a8b8b8bf66660
      size: 63343178
    - path: ../data/processed_train.csv
      hash: md5
      md5: 95e95a9cf7264388177018ee5fd09c5f
      size: 147849898
    - path: src/2_train.py
      hash: md5
      md5: acf9058dae2767d38a98fb3eca2faf3b
      size: 4602
    params:
      params.yaml:
        train:
          random_state: 42
          smote: true
          random_forest:
            n_estimators: 100
            random_state: 42
          xgboost:
            n_estimators: 100
            learning_rate: 0.1
    outs:
    - path: ../data/X_test_scaled.csv
      hash: md5
      md5: ac2786dd1bc9f9708726d719f4528a13
      size: 185443758
    - path: ../data/y_test.csv
      hash: md5
      md5: 307fc05a44b8c5177825db0d2d4086d2
      size: 1667167
    - path: ../models/random_forest.pkl
      hash: md5
      md5: 0bf6fa176c2aaf345a7cf2249fd1d413
      size: 524206569
    - path: ../models/scaler.pkl
      hash: md5
      md5: 4c1cfee4d3b46256a7e9dec407fa40b9
      size: 1407
    - path: ../models/xgboost.pkl
      hash: md5
      md5: 1a382ac8cdf8e79224788cb4af69f5dd
      size: 460927
  evaluate:
    cmd: python src/3_evaluate.py
    deps:
    - path: ../data/X_test_scaled.csv
      hash: md5
      md5: ac2786dd1bc9f9708726d719f4528a13
      size: 185443758
    - path: ../data/y_test.csv
      hash: md5
      md5: 307fc05a44b8c5177825db0d2d4086d2
      size: 1667167
    - path: ../models/random_forest.pkl
      hash: md5
      md5: 0bf6fa176c2aaf345a7cf2249fd1d413
      size: 524206569
    - path: ../models/xgboost.pkl
      hash: md5
      md5: 1a382ac8cdf8e79224788cb4af69f5dd
      size: 460927
    - path: src/3_evaluate.py
      hash: md5
      md5: 5500f196db8799b6e63b98f1445a3658
      size: 3986
    params:
      params.yaml:
        evaluate:
          xgb_threshold: 0.3
    outs:
    - path: ../metrics/scores.json
      hash: md5
      md5: f875491c43273fee45d0af701cf102a5
      size: 259
